// !$*UTF8*$!
{
	archiveVersion = 1;
	classes = {
	};
	objectVersion = 56;
	objects = {

/* Begin PBXBuildFile section */
		D395FD442AD44E4E0020ECCF /* Kingfisher in Frameworks */ = {isa = PBXBuildFile; productRef = D395FD432AD44E4E0020ECCF /* Kingfisher */; };
		D39664EB2ACF853C00D487BB /* NewUser.swift in Sources */ = {isa = PBXBuildFile; fileRef = D39664EA2ACF853C00D487BB /* NewUser.swift */; };
		D39A7B7C2ACCAB5B00E98D67 /* User.swift in Sources */ = {isa = PBXBuildFile; fileRef = D39A7B7B2ACCAB5B00E98D67 /* User.swift */; };
		D39A7B7E2ACCB17600E98D67 /* DateDecoder.swift in Sources */ = {isa = PBXBuildFile; fileRef = D39A7B7D2ACCB17600E98D67 /* DateDecoder.swift */; };
		D3C1D4352ACC4BCB007314E8 /* AppDelegate.swift in Sources */ = {isa = PBXBuildFile; fileRef = D3C1D4342ACC4BCB007314E8 /* AppDelegate.swift */; };
		D3C1D4372ACC4BCB007314E8 /* SceneDelegate.swift in Sources */ = {isa = PBXBuildFile; fileRef = D3C1D4362ACC4BCB007314E8 /* SceneDelegate.swift */; };
		D3C1D4392ACC4BCB007314E8 /* ViewController.swift in Sources */ = {isa = PBXBuildFile; fileRef = D3C1D4382ACC4BCB007314E8 /* ViewController.swift */; };
		D3C1D43C2ACC4BCB007314E8 /* Main.storyboard in Resources */ = {isa = PBXBuildFile; fileRef = D3C1D43A2ACC4BCB007314E8 /* Main.storyboard */; };
		D3C1D43E2ACC4BCD007314E8 /* Assets.xcassets in Resources */ = {isa = PBXBuildFile; fileRef = D3C1D43D2ACC4BCD007314E8 /* Assets.xcassets */; };
		D3C1D4412ACC4BCD007314E8 /* LaunchScreen.storyboard in Resources */ = {isa = PBXBuildFile; fileRef = D3C1D43F2ACC4BCD007314E8 /* LaunchScreen.storyboard */; };
		D3C1D44A2ACC4DAE007314E8 /* Alamofire in Frameworks */ = {isa = PBXBuildFile; productRef = D3C1D4492ACC4DAE007314E8 /* Alamofire */; };
		D3C1D44C2ACC4DCF007314E8 /* NetworkingProvider.swift in Sources */ = {isa = PBXBuildFile; fileRef = D3C1D44B2ACC4DCF007314E8 /* NetworkingProvider.swift */; };
		D3C1D4502ACC4F6A007314E8 /* UserV2.swift in Sources */ = {isa = PBXBuildFile; fileRef = D3C1D44F2ACC4F6A007314E8 /* UserV2.swift */; };
/* End PBXBuildFile section */

/* Begin PBXFileReference section */
		D39664EA2ACF853C00D487BB /* NewUser.swift */ = {isa = PBXFileReference; lastKnownFileType = sourcecode.swift; path = NewUser.swift; sourceTree = "<group>"; };
		D39A7B7B2ACCAB5B00E98D67 /* User.swift */ = {isa = PBXFileReference; lastKnownFileType = sourcecode.swift; path = User.swift; sourceTree = "<group>"; };
		D39A7B7D2ACCB17600E98D67 /* DateDecoder.swift */ = {isa = PBXFileReference; lastKnownFileType = sourcecode.swift; path = DateDecoder.swift; sourceTree = "<group>"; };
		D3C1D4312ACC4BCB007314E8 /* Networking.app */ = {isa = PBXFileReference; explicitFileType = wrapper.application; includeInIndex = 0; path = Networking.app; sourceTree = BUILT_PRODUCTS_DIR; };
		D3C1D4342ACC4BCB007314E8 /* AppDelegate.swift */ = {isa = PBXFileReference; lastKnownFileType = sourcecode.swift; path = AppDelegate.swift; sourceTree = "<group>"; };
		D3C1D4362ACC4BCB007314E8 /* SceneDelegate.swift */ = {isa = PBXFileReference; lastKnownFileType = sourcecode.swift; path = SceneDelegate.swift; sourceTree = "<group>"; };
		D3C1D4382ACC4BCB007314E8 /* ViewController.swift */ = {isa = PBXFileReference; lastKnownFileType = sourcecode.swift; path = ViewController.swift; sourceTree = "<group>"; };
		D3C1D43B2ACC4BCB007314E8 /* Base */ = {isa = PBXFileReference; lastKnownFileType = file.storyboard; name = Base; path = Base.lproj/Main.storyboard; sourceTree = "<group>"; };
		D3C1D43D2ACC4BCD007314E8 /* Assets.xcassets */ = {isa = PBXFileReference; lastKnownFileType = folder.assetcatalog; path = Assets.xcassets; sourceTree = "<group>"; };
		D3C1D4402ACC4BCD007314E8 /* Base */ = {isa = PBXFileReference; lastKnownFileType = file.storyboard; name = Base; path = Base.lproj/LaunchScreen.storyboard; sourceTree = "<group>"; };
		D3C1D4422ACC4BCD007314E8 /* Info.plist */ = {isa = PBXFileReference; lastKnownFileType = text.plist.xml; path = Info.plist; sourceTree = "<group>"; };
		D3C1D44B2ACC4DCF007314E8 /* NetworkingProvider.swift */ = {isa = PBXFileReference; lastKnownFileType = sourcecode.swift; path = NetworkingProvider.swift; sourceTree = "<group>"; };
		D3C1D44F2ACC4F6A007314E8 /* UserV2.swift */ = {isa = PBXFileReference; lastKnownFileType = sourcecode.swift; path = UserV2.swift; sourceTree = "<group>"; };
/* End PBXFileReference section */

/* Begin PBXFrameworksBuildPhase section */
		D3C1D42E2ACC4BCB007314E8 /* Frameworks */ = {
			isa = PBXFrameworksBuildPhase;
			buildActionMask = 2147483647;
			files = (
				D395FD442AD44E4E0020ECCF /* Kingfisher in Frameworks */,
				D3C1D44A2ACC4DAE007314E8 /* Alamofire in Frameworks */,
			);
			runOnlyForDeploymentPostprocessing = 0;
		};
/* End PBXFrameworksBuildPhase section */

/* Begin PBXGroup section */
		D3C1D4282ACC4BCB007314E8 = {
			isa = PBXGroup;
			children = (
				D3C1D4332ACC4BCB007314E8 /* Networking */,
				D3C1D4322ACC4BCB007314E8 /* Products */,
			);
			sourceTree = "<group>";
		};
		D3C1D4322ACC4BCB007314E8 /* Products */ = {
			isa = PBXGroup;
			children = (
				D3C1D4312ACC4BCB007314E8 /* Networking.app */,
			);
			name = Products;
			sourceTree = "<group>";
		};
		D3C1D4332ACC4BCB007314E8 /* Networking */ = {
			isa = PBXGroup;
			children = (
				D3C1D44D2ACC4F15007314E8 /* Network */,
				D3C1D4342ACC4BCB007314E8 /* AppDelegate.swift */,
				D3C1D4362ACC4BCB007314E8 /* SceneDelegate.swift */,
				D3C1D4382ACC4BCB007314E8 /* ViewController.swift */,
				D3C1D43A2ACC4BCB007314E8 /* Main.storyboard */,
				D3C1D43D2ACC4BCD007314E8 /* Assets.xcassets */,
				D3C1D43F2ACC4BCD007314E8 /* LaunchScreen.storyboard */,
				D3C1D4422ACC4BCD007314E8 /* Info.plist */,
			);
			path = Networking;
			sourceTree = "<group>";
		};
		D3C1D44D2ACC4F15007314E8 /* Network */ = {
			isa = PBXGroup;
			children = (
				D3C1D44E2ACC4F36007314E8 /* Data */,
				D3C1D44B2ACC4DCF007314E8 /* NetworkingProvider.swift */,
				D39A7B7D2ACCB17600E98D67 /* DateDecoder.swift */,
			);
			path = Network;
			sourceTree = "<group>";
		};
		D3C1D44E2ACC4F36007314E8 /* Data */ = {
			isa = PBXGroup;
			children = (
				D3C1D44F2ACC4F6A007314E8 /* UserV2.swift */,
				D39A7B7B2ACCAB5B00E98D67 /* User.swift */,
				D39664EA2ACF853C00D487BB /* NewUser.swift */,
			);
			path = Data;
			sourceTree = "<group>";
		};
/* End PBXGroup section */

/* Begin PBXNativeTarget section */
		D3C1D4302ACC4BCB007314E8 /* Networking */ = {
			isa = PBXNativeTarget;
			buildConfigurationList = D3C1D4452ACC4BCD007314E8 /* Build configuration list for PBXNativeTarget "Networking" */;
			buildPhases = (
				D3C1D42D2ACC4BCB007314E8 /* Sources */,
				D3C1D42E2ACC4BCB007314E8 /* Frameworks */,
				D3C1D42F2ACC4BCB007314E8 /* Resources */,
			);
			buildRules = (
			);
			dependencies = (
			);
			name = Networking;
			packageProductDependencies = (
				D3C1D4492ACC4DAE007314E8 /* Alamofire */,
				D395FD432AD44E4E0020ECCF /* Kingfisher */,
			);
			productName = Networking;
			productReference = D3C1D4312ACC4BCB007314E8 /* Networking.app */;
			productType = "com.apple.product-type.application";
		};
/* End PBXNativeTarget section */

/* Begin PBXProject section */
		D3C1D4292ACC4BCB007314E8 /* Project object */ = {
			isa = PBXProject;
			attributes = {
				BuildIndependentTargetsInParallel = 1;
				LastSwiftUpdateCheck = 1430;
				LastUpgradeCheck = 1430;
				TargetAttributes = {
					D3C1D4302ACC4BCB007314E8 = {
						CreatedOnToolsVersion = 14.3.1;
					};
				};
			};
			buildConfigurationList = D3C1D42C2ACC4BCB007314E8 /* Build configuration list for PBXProject "Networking" */;
			compatibilityVersion = "Xcode 14.0";
			developmentRegion = en;
			hasScannedForEncodings = 0;
			knownRegions = (
				en,
				Base,
			);
			mainGroup = D3C1D4282ACC4BCB007314E8;
			packageReferences = (
				D3C1D4482ACC4DAE007314E8 /* XCRemoteSwiftPackageReference "Alamofire" */,
				D395FD422AD44E4E0020ECCF /* XCRemoteSwiftPackageReference "Kingfisher" */,
			);
			productRefGroup = D3C1D4322ACC4BCB007314E8 /* Products */;
			projectDirPath = "";
			projectRoot = "";
			targets = (
				D3C1D4302ACC4BCB007314E8 /* Networking */,
			);
		};
/* End PBXProject section */

/* Begin PBXResourcesBuildPhase section */
		D3C1D42F2ACC4BCB007314E8 /* Resources */ = {
			isa = PBXResourcesBuildPhase;
			buildActionMask = 2147483647;
			files = (
				D3C1D4412ACC4BCD007314E8 /* LaunchScreen.storyboard in Resources */,
				D3C1D43E2ACC4BCD007314E8 /* Assets.xcassets in Resources */,
				D3C1D43C2ACC4BCB007314E8 /* Main.storyboard in Resources */,
			);
			runOnlyForDeploymentPostprocessing = 0;
		};
/* End PBXResourcesBuildPhase section */

/* Begin PBXSourcesBuildPhase section */
		D3C1D42D2ACC4BCB007314E8 /* Sources */ = {
			isa = PBXSourcesBuildPhase;
			buildActionMask = 2147483647;
			files = (
				D39A7B7E2ACCB17600E98D67 /* DateDecoder.swift in Sources */,
				D39664EB2ACF853C00D487BB /* NewUser.swift in Sources */,
				D3C1D4392ACC4BCB007314E8 /* ViewController.swift in Sources */,
				D3C1D4352ACC4BCB007314E8 /* AppDelegate.swift in Sources */,
				D39A7B7C2ACCAB5B00E98D67 /* User.swift in Sources */,
				D3C1D44C2ACC4DCF007314E8 /* NetworkingProvider.swift in Sources */,
				D3C1D4502ACC4F6A007314E8 /* UserV2.swift in Sources */,
				D3C1D4372ACC4BCB007314E8 /* SceneDelegate.swift in Sources */,
			);
			runOnlyForDeploymentPostprocessing = 0;
		};
/* End PBXSourcesBuildPhase section */

/* Begin PBXVariantGroup section */
		D3C1D43A2ACC4BCB007314E8 /* Main.storyboard */ = {
			isa = PBXVariantGroup;
			children = (
				D3C1D43B2ACC4BCB007314E8 /* Base */,
			);
			name = Main.storyboard;
			sourceTree = "<group>";
		};
		D3C1D43F2ACC4BCD007314E8 /* LaunchScreen.storyboard */ = {
			isa = PBXVariantGroup;
			children = (
				D3C1D4402ACC4BCD007314E8 /* Base */,
			);
			name = LaunchScreen.storyboard;
			sourceTree = "<group>";
		};
/* End PBXVariantGroup section */

/* Begin XCBuildConfiguration section */
		D3C1D4432ACC4BCD007314E8 /* Debug */ = {
			isa = XCBuildConfiguration;
			buildSettings = {
				ALWAYS_SEARCH_USER_PATHS = NO;
				CLANG_ANALYZER_NONNULL = YES;
				CLANG_ANALYZER_NUMBER_OBJECT_CONVERSION = YES_AGGRESSIVE;
				CLANG_CXX_LANGUAGE_STANDARD = "gnu++20";
				CLANG_ENABLE_MODULES = YES;
				CLANG_ENABLE_OBJC_ARC = YES;
				CLANG_ENABLE_OBJC_WEAK = YES;
				CLANG_WARN_BLOCK_CAPTURE_AUTORELEASING = YES;
				CLANG_WARN_BOOL_CONVERSION = YES;
				CLANG_WARN_COMMA = YES;
				CLANG_WARN_CONSTANT_CONVERSION = YES;
				CLANG_WARN_DEPRECATED_OBJC_IMPLEMENTATIONS = YES;
				CLANG_WARN_DIRECT_OBJC_ISA_USAGE = YES_ERROR;
				CLANG_WARN_DOCUMENTATION_COMMENTS = YES;
				CLANG_WARN_EMPTY_BODY = YES;
				CLANG_WARN_ENUM_CONVERSION = YES;
				CLANG_WARN_INFINITE_RECURSION = YES;
				CLANG_WARN_INT_CONVERSION = YES;
				CLANG_WARN_NON_LITERAL_NULL_CONVERSION = YES;
				CLANG_WARN_OBJC_IMPLICIT_RETAIN_SELF = YES;
				CLANG_WARN_OBJC_LITERAL_CONVERSION = YES;
				CLANG_WARN_OBJC_ROOT_CLASS = YES_ERROR;
				CLANG_WARN_QUOTED_INCLUDE_IN_FRAMEWORK_HEADER = YES;
				CLANG_WARN_RANGE_LOOP_ANALYSIS = YES;
				CLANG_WARN_STRICT_PROTOTYPES = YES;
				CLANG_WARN_SUSPICIOUS_MOVE = YES;
				CLANG_WARN_UNGUARDED_AVAILABILITY = YES_AGGRESSIVE;
				CLANG_WARN_UNREACHABLE_CODE = YES;
				CLANG_WARN__DUPLICATE_METHOD_MATCH = YES;
				COPY_PHASE_STRIP = NO;
				DEBUG_INFORMATION_FORMAT = dwarf;
				ENABLE_STRICT_OBJC_MSGSEND = YES;
				ENABLE_TESTABILITY = YES;
				GCC_C_LANGUAGE_STANDARD = gnu11;
				GCC_DYNAMIC_NO_PIC = NO;
				GCC_NO_COMMON_BLOCKS = YES;
				GCC_OPTIMIZATION_LEVEL = 0;
				GCC_PREPROCESSOR_DEFINITIONS = (
					"DEBUG=1",
					"$(inherited)",
				);
				GCC_WARN_64_TO_32_BIT_CONVERSION = YES;
				GCC_WARN_ABOUT_RETURN_TYPE = YES_ERROR;
				GCC_WARN_UNDECLARED_SELECTOR = YES;
				GCC_WARN_UNINITIALIZED_AUTOS = YES_AGGRESSIVE;
				GCC_WARN_UNUSED_FUNCTION = YES;
				GCC_WARN_UNUSED_VARIABLE = YES;
				IPHONEOS_DEPLOYMENT_TARGET = 16.4;
				MTL_ENABLE_DEBUG_INFO = INCLUDE_SOURCE;
				MTL_FAST_MATH = YES;
				ONLY_ACTIVE_ARCH = YES;
				SDKROOT = iphoneos;
				SWIFT_ACTIVE_COMPILATION_CONDITIONS = DEBUG;
				SWIFT_OPTIMIZATION_LEVEL = "-Onone";
			};
			name = Debug;
		};
		D3C1D4442ACC4BCD007314E8 /* Release */ = {
			isa = XCBuildConfiguration;
			buildSettings = {
				ALWAYS_SEARCH_USER_PATHS = NO;
				CLANG_ANALYZER_NONNULL = YES;
				CLANG_ANALYZER_NUMBER_OBJECT_CONVERSION = YES_AGGRESSIVE;
				CLANG_CXX_LANGUAGE_STANDARD = "gnu++20";
				CLANG_ENABLE_MODULES = YES;
				CLANG_ENABLE_OBJC_ARC = YES;
				CLANG_ENABLE_OBJC_WEAK = YES;
				CLANG_WARN_BLOCK_CAPTURE_AUTORELEASING = YES;
				CLANG_WARN_BOOL_CONVERSION = YES;
				CLANG_WARN_COMMA = YES;
				CLANG_WARN_CONSTANT_CONVERSION = YES;
				CLANG_WARN_DEPRECATED_OBJC_IMPLEMENTATIONS = YES;
				CLANG_WARN_DIRECT_OBJC_ISA_USAGE = YES_ERROR;
				CLANG_WARN_DOCUMENTATION_COMMENTS = YES;
				CLANG_WARN_EMPTY_BODY = YES;
				CLANG_WARN_ENUM_CONVERSION = YES;
				CLANG_WARN_INFINITE_RECURSION = YES;
				CLANG_WARN_INT_CONVERSION = YES;
				CLANG_WARN_NON_LITERAL_NULL_CONVERSION = YES;
				CLANG_WARN_OBJC_IMPLICIT_RETAIN_SELF = YES;
				CLANG_WARN_OBJC_LITERAL_CONVERSION = YES;
				CLANG_WARN_OBJC_ROOT_CLASS = YES_ERROR;
				CLANG_WARN_QUOTED_INCLUDE_IN_FRAMEWORK_HEADER = YES;
				CLANG_WARN_RANGE_LOOP_ANALYSIS = YES;
				CLANG_WARN_STRICT_PROTOTYPES = YES;
				CLANG_WARN_SUSPICIOUS_MOVE = YES;
				CLANG_WARN_UNGUARDED_AVAILABILITY = YES_AGGRESSIVE;
				CLANG_WARN_UNREACHABLE_CODE = YES;
				CLANG_WARN__DUPLICATE_METHOD_MATCH = YES;
				COPY_PHASE_STRIP = NO;
				DEBUG_INFORMATION_FORMAT = "dwarf-with-dsym";
				ENABLE_NS_ASSERTIONS = NO;
				ENABLE_STRICT_OBJC_MSGSEND = YES;
				GCC_C_LANGUAGE_STANDARD = gnu11;
				GCC_NO_COMMON_BLOCKS = YES;
				GCC_WARN_64_TO_32_BIT_CONVERSION = YES;
				GCC_WARN_ABOUT_RETURN_TYPE = YES_ERROR;
				GCC_WARN_UNDECLARED_SELECTOR = YES;
				GCC_WARN_UNINITIALIZED_AUTOS = YES_AGGRESSIVE;
				GCC_WARN_UNUSED_FUNCTION = YES;
				GCC_WARN_UNUSED_VARIABLE = YES;
				IPHONEOS_DEPLOYMENT_TARGET = 16.4;
				MTL_ENABLE_DEBUG_INFO = NO;
				MTL_FAST_MATH = YES;
				SDKROOT = iphoneos;
				SWIFT_COMPILATION_MODE = wholemodule;
				SWIFT_OPTIMIZATION_LEVEL = "-O";
				VALIDATE_PRODUCT = YES;
			};
			name = Release;
		};
		D3C1D4462ACC4BCD007314E8 /* Debug */ = {
			isa = XCBuildConfiguration;
			buildSettings = {
				ASSETCATALOG_COMPILER_APPICON_NAME = AppIcon;
				ASSETCATALOG_COMPILER_GLOBAL_ACCENT_COLOR_NAME = AccentColor;
				CODE_SIGN_STYLE = Automatic;
				CURRENT_PROJECT_VERSION = 1;
				DEVELOPMENT_TEAM = 75AZPU37SG;
				GENERATE_INFOPLIST_FILE = YES;
				INFOPLIST_FILE = Networking/Info.plist;
				INFOPLIST_KEY_UIApplicationSupportsIndirectInputEvents = YES;
				INFOPLIST_KEY_UILaunchStoryboardName = LaunchScreen;
				INFOPLIST_KEY_UIMainStoryboardFile = Main;
				INFOPLIST_KEY_UISupportedInterfaceOrientations_iPad = "UIInterfaceOrientationPortrait UIInterfaceOrientationPortraitUpsideDown UIInterfaceOrientationLandscapeLeft UIInterfaceOrientationLandscapeRight";
				INFOPLIST_KEY_UISupportedInterfaceOrientations_iPhone = "UIInterfaceOrientationPortrait UIInterfaceOrientationLandscapeLeft UIInterfaceOrientationLandscapeRight";
				LD_RUNPATH_SEARCH_PATHS = (
					"$(inherited)",
					"@executable_path/Frameworks",
				);
				MARKETING_VERSION = 1.0;
				PRODUCT_BUNDLE_IDENTIFIER = com.jonathan.Networking;
				PRODUCT_NAME = "$(TARGET_NAME)";
				SWIFT_EMIT_LOC_STRINGS = YES;
				SWIFT_VERSION = 5.0;
				TARGETED_DEVICE_FAMILY = "1,2";
			};
			name = Debug;
		};
		D3C1D4472ACC4BCD007314E8 /* Release */ = {
			isa = XCBuildConfiguration;
			buildSettings = {
				ASSETCATALOG_COMPILER_APPICON_NAME = AppIcon;
				ASSETCATALOG_COMPILER_GLOBAL_ACCENT_COLOR_NAME = AccentColor;
				CODE_SIGN_STYLE = Automatic;
				CURRENT_PROJECT_VERSION = 1;
				DEVELOPMENT_TEAM = 75AZPU37SG;
				GENERATE_INFOPLIST_FILE = YES;
				INFOPLIST_FILE = Networking/Info.plist;
				INFOPLIST_KEY_UIApplicationSupportsIndirectInputEvents = YES;
				INFOPLIST_KEY_UILaunchStoryboardName = LaunchScreen;
				INFOPLIST_KEY_UIMainStoryboardFile = Main;
				INFOPLIST_KEY_UISupportedInterfaceOrientations_iPad = "UIInterfaceOrientationPortrait UIInterfaceOrientationPortraitUpsideDown UIInterfaceOrientationLandscapeLeft UIInterfaceOrientationLandscapeRight";
				INFOPLIST_KEY_UISupportedInterfaceOrientations_iPhone = "UIInterfaceOrientationPortrait UIInterfaceOrientationLandscapeLeft UIInterfaceOrientationLandscapeRight";
				LD_RUNPATH_SEARCH_PATHS = (
					"$(inherited)",
					"@executable_path/Frameworks",
				);
				MARKETING_VERSION = 1.0;
				PRODUCT_BUNDLE_IDENTIFIER = com.jonathan.Networking;
				PRODUCT_NAME = "$(TARGET_NAME)";
				SWIFT_EMIT_LOC_STRINGS = YES;
				SWIFT_VERSION = 5.0;
				TARGETED_DEVICE_FAMILY = "1,2";
			};
			name = Release;
		};
/* End XCBuildConfiguration section */

/* Begin XCConfigurationList section */
		D3C1D42C2ACC4BCB007314E8 /* Build configuration list for PBXProject "Networking" */ = {
			isa = XCConfigurationList;
			buildConfigurations = (
				D3C1D4432ACC4BCD007314E8 /* Debug */,
				D3C1D4442ACC4BCD007314E8 /* Release */,
			);
			defaultConfigurationIsVisible = 0;
			defaultConfigurationName = Release;
		};
		D3C1D4452ACC4BCD007314E8 /* Build configuration list for PBXNativeTarget "Networking" */ = {
			isa = XCConfigurationList;
			buildConfigurations = (
				D3C1D4462ACC4BCD007314E8 /* Debug */,
				D3C1D4472ACC4BCD007314E8 /* Release */,
			);
			defaultConfigurationIsVisible = 0;
			defaultConfigurationName = Release;
		};
/* End XCConfigurationList section */

/* Begin XCRemoteSwiftPackageReference section */
		D395FD422AD44E4E0020ECCF /* XCRemoteSwiftPackageReference "Kingfisher" */ = {
			isa = XCRemoteSwiftPackageReference;
			repositoryURL = "https://github.com/onevcat/Kingfisher";
			requirement = {
				kind = upToNextMajorVersion;
				minimumVersion = 7.0.0;
			};
		};
		D3C1D4482ACC4DAE007314E8 /* XCRemoteSwiftPackageReference "Alamofire" */ = {
			isa = XCRemoteSwiftPackageReference;
			repositoryURL = "https://github.com/Alamofire/Alamofire.git";
			requirement = {
				kind = upToNextMajorVersion;
				minimumVersion = 5.0.0;
			};
		};
/* End XCRemoteSwiftPackageReference section */

/* Begin XCSwiftPackageProductDependency section */
		D395FD432AD44E4E0020ECCF /* Kingfisher */ = {
			isa = XCSwiftPackageProductDependency;
			package = D395FD422AD44E4E0020ECCF /* XCRemoteSwiftPackageReference "Kingfisher" */;
			productName = Kingfisher;
		};
		D3C1D4492ACC4DAE007314E8 /* Alamofire */ = {
			isa = XCSwiftPackageProductDependency;
			package = D3C1D4482ACC4DAE007314E8 /* XCRemoteSwiftPackageReference "Alamofire" */;
			productName = Alamofire;
		};
/* End XCSwiftPackageProductDependency section */
	};
	rootObject = D3C1D4292ACC4BCB007314E8 /* Project object */;
}
